
Microsoft Visual Studio Solution File, Format Version 12.00
# Visual Studio Version 17
VisualStudioVersion = 17.5.33516.290
MinimumVisualStudioVersion = 10.0.40219.1
Project("{FAE04EC0-301F-11D3-BF4B-00C04F79EFBC}") = "tiket", "tiket\tiket.csproj", "{57C88C94-B962-4810-B625-10A64AAEC549}"
EndProject
Global
	GlobalSection(SolutionConfigurationPlatforms) = preSolution
		Debug|Any CPU = Debug|Any CPU
		Release|Any CPU = Release|Any CPU
	EndGlobalSection
	GlobalSection(ProjectConfigurationPlatforms) = postSolution
		{57C88C94-B962-4810-B625-10A64AAEC549}.Debug|Any CPU.ActiveCfg = Debug|Any CPU
		{57C88C94-B962-4810-B625-10A64AAEC549}.Debug|Any CPU.Build.0 = Debug|Any CPU
		{57C88C94-B962-4810-B625-10A64AAEC549}.Release|Any CPU.ActiveCfg = Release|Any CPU
		{57C88C94-B962-4810-B625-10A64AAEC549}.Release|Any CPU.Build.0 = Release|Any CPU
	EndGlobalSection
	GlobalSection(SolutionProperties) = preSolution
		HideSolutionNode = FALSE
	EndGlobalSection
	GlobalSection(ExtensibilityGlobals) = postSolution
		SolutionGuid = {A188AC47-7AC1-43FD-84B4-6826654B186A}
	EndGlobalSection
EndGlobal
